
Microsoft Visual Studio Solution File, Format Version 12.00
# Visual Studio Version 16
VisualStudioVersion = 16.0.30413.136
MinimumVisualStudioVersion = 10.0.40219.1
Project("{FAE04EC0-301F-11D3-BF4B-00C04F79EFBC}") = "Project.Service", "Project.Service\Project.Service.csproj", "{51998B35-7762-47F5-9168-A1FBF355458A}"
EndProject
Project("{FAE04EC0-301F-11D3-BF4B-00C04F79EFBC}") = "Project.Web", "Project.Web\Project.Web.csproj", "{75F816C9-530E-4AD2-9C5A-0191A25F4CF6}"
EndProject
Global
	GlobalSection(SolutionConfigurationPlatforms) = preSolution
		Debug|Any CPU = Debug|Any CPU
		Release|Any CPU = Release|Any CPU
	EndGlobalSection
	GlobalSection(ProjectConfigurationPlatforms) = postSolution
		{51998B35-7762-47F5-9168-A1FBF355458A}.Debug|Any CPU.ActiveCfg = Debug|Any CPU
		{51998B35-7762-47F5-9168-A1FBF355458A}.Debug|Any CPU.Build.0 = Debug|Any CPU
		{51998B35-7762-47F5-9168-A1FBF355458A}.Release|Any CPU.ActiveCfg = Release|Any CPU
		{51998B35-7762-47F5-9168-A1FBF355458A}.Release|Any CPU.Build.0 = Release|Any CPU
		{75F816C9-530E-4AD2-9C5A-0191A25F4CF6}.Debug|Any CPU.ActiveCfg = Debug|Any CPU
		{75F816C9-530E-4AD2-9C5A-0191A25F4CF6}.Debug|Any CPU.Build.0 = Debug|Any CPU
		{75F816C9-530E-4AD2-9C5A-0191A25F4CF6}.Release|Any CPU.ActiveCfg = Release|Any CPU
		{75F816C9-530E-4AD2-9C5A-0191A25F4CF6}.Release|Any CPU.Build.0 = Release|Any CPU
	EndGlobalSection
	GlobalSection(SolutionProperties) = preSolution
		HideSolutionNode = FALSE
	EndGlobalSection
	GlobalSection(ExtensibilityGlobals) = postSolution
		SolutionGuid = {3FB605BA-A41E-431B-934F-545932AF0BF9}
	EndGlobalSection
EndGlobal
